
Microsoft Visual Studio Solution File, Format Version 12.00
# Visual Studio Version 16
VisualStudioVersion = 16.0.31911.196
MinimumVisualStudioVersion = 10.0.40219.1
Project("{FAE04EC0-301F-11D3-BF4B-00C04F79EFBC}") = "kivipaberkaarKorsunov", "kivipaberkaarKorsunov\kivipaberkaarKorsunov.csproj", "{622E3FB6-AE02-4372-9DE5-4D339E4428CD}"
EndProject
Global
	GlobalSection(SolutionConfigurationPlatforms) = preSolution
		Debug|Any CPU = Debug|Any CPU
		Release|Any CPU = Release|Any CPU
	EndGlobalSection
	GlobalSection(ProjectConfigurationPlatforms) = postSolution
		{622E3FB6-AE02-4372-9DE5-4D339E4428CD}.Debug|Any CPU.ActiveCfg = Debug|Any CPU
		{622E3FB6-AE02-4372-9DE5-4D339E4428CD}.Debug|Any CPU.Build.0 = Debug|Any CPU
		{622E3FB6-AE02-4372-9DE5-4D339E4428CD}.Release|Any CPU.ActiveCfg = Release|Any CPU
		{622E3FB6-AE02-4372-9DE5-4D339E4428CD}.Release|Any CPU.Build.0 = Release|Any CPU
	EndGlobalSection
	GlobalSection(SolutionProperties) = preSolution
		HideSolutionNode = FALSE
	EndGlobalSection
	GlobalSection(ExtensibilityGlobals) = postSolution
		SolutionGuid = {1AC6D4E8-8E0B-4057-8D16-56EBE2F122EB}
	EndGlobalSection
EndGlobal
